// !$*UTF8*$!
{
	archiveVersion = 1;
	classes = {
	};
	objectVersion = 46;
	objects = {

/* Begin PBXBuildFile section */
		26A1CC3566FA11E9B1F7CAE6 /* Pods_MovieViewer.framework in Frameworks */ = {isa = PBXBuildFile; fileRef = 8D9AD72EEA05E03BC98DF455 /* Pods_MovieViewer.framework */; };
		2746830A1E4AA418008B6A5A /* DetailViewController.swift in Sources */ = {isa = PBXBuildFile; fileRef = 274683091E4AA418008B6A5A /* DetailViewController.swift */; };
		279742D61E47E88E008A00F8 /* AppDelegate.swift in Sources */ = {isa = PBXBuildFile; fileRef = 279742D51E47E88E008A00F8 /* AppDelegate.swift */; };
		279742DB1E47E88E008A00F8 /* Main.storyboard in Resources */ = {isa = PBXBuildFile; fileRef = 279742D91E47E88E008A00F8 /* Main.storyboard */; };
		279742DD1E47E88E008A00F8 /* Assets.xcassets in Resources */ = {isa = PBXBuildFile; fileRef = 279742DC1E47E88E008A00F8 /* Assets.xcassets */; };
		279742E01E47E88E008A00F8 /* LaunchScreen.storyboard in Resources */ = {isa = PBXBuildFile; fileRef = 279742DE1E47E88E008A00F8 /* LaunchScreen.storyboard */; };
		279742E81E47E8CD008A00F8 /* MovieViewController.swift in Sources */ = {isa = PBXBuildFile; fileRef = 279742E71E47E8CD008A00F8 /* MovieViewController.swift */; };
		279742EC1E4809BE008A00F8 /* MovieCell.swift in Sources */ = {isa = PBXBuildFile; fileRef = 279742EB1E4809BE008A00F8 /* MovieCell.swift */; };
/* End PBXBuildFile section */

/* Begin PBXFileReference section */
		1DA36E72CBF70934E81446B3 /* Pods-MovieViewer.release.xcconfig */ = {isa = PBXFileReference; includeInIndex = 1; lastKnownFileType = text.xcconfig; name = "Pods-MovieViewer.release.xcconfig"; path = "Pods/Target Support Files/Pods-MovieViewer/Pods-MovieViewer.release.xcconfig"; sourceTree = "<group>"; };
		274683091E4AA418008B6A5A /* DetailViewController.swift */ = {isa = PBXFileReference; fileEncoding = 4; lastKnownFileType = sourcecode.swift; path = DetailViewController.swift; sourceTree = "<group>"; };
		279742D21E47E88E008A00F8 /* MovieViewer.app */ = {isa = PBXFileReference; explicitFileType = wrapper.application; includeInIndex = 0; path = MovieViewer.app; sourceTree = BUILT_PRODUCTS_DIR; };
		279742D51E47E88E008A00F8 /* AppDelegate.swift */ = {isa = PBXFileReference; lastKnownFileType = sourcecode.swift; path = AppDelegate.swift; sourceTree = "<group>"; };
		279742DA1E47E88E008A00F8 /* Base */ = {isa = PBXFileReference; lastKnownFileType = file.storyboard; name = Base; path = Base.lproj/Main.storyboard; sourceTree = "<group>"; };
		279742DC1E47E88E008A00F8 /* Assets.xcassets */ = {isa = PBXFileReference; lastKnownFileType = folder.assetcatalog; path = Assets.xcassets; sourceTree = "<group>"; };
		279742DF1E47E88E008A00F8 /* Base */ = {isa = PBXFileReference; lastKnownFileType = file.storyboard; name = Base; path = Base.lproj/LaunchScreen.storyboard; sourceTree = "<group>"; };
		279742E11E47E88E008A00F8 /* Info.plist */ = {isa = PBXFileReference; lastKnownFileType = text.plist.xml; path = Info.plist; sourceTree = "<group>"; };
		279742E71E47E8CD008A00F8 /* MovieViewController.swift */ = {isa = PBXFileReference; fileEncoding = 4; lastKnownFileType = sourcecode.swift; path = MovieViewController.swift; sourceTree = "<group>"; };
		279742EB1E4809BE008A00F8 /* MovieCell.swift */ = {isa = PBXFileReference; fileEncoding = 4; lastKnownFileType = sourcecode.swift; path = MovieCell.swift; sourceTree = "<group>"; };
		8D9AD72EEA05E03BC98DF455 /* Pods_MovieViewer.framework */ = {isa = PBXFileReference; explicitFileType = wrapper.framework; includeInIndex = 0; path = Pods_MovieViewer.framework; sourceTree = BUILT_PRODUCTS_DIR; };
		AB8D57AD5DDD3BC4CCCDD5DF /* Pods-MovieViewer.debug.xcconfig */ = {isa = PBXFileReference; includeInIndex = 1; lastKnownFileType = text.xcconfig; name = "Pods-MovieViewer.debug.xcconfig"; path = "Pods/Target Support Files/Pods-MovieViewer/Pods-MovieViewer.debug.xcconfig"; sourceTree = "<group>"; };
/* End PBXFileReference section */

/* Begin PBXFrameworksBuildPhase section */
		279742CF1E47E88E008A00F8 /* Frameworks */ = {
			isa = PBXFrameworksBuildPhase;
			buildActionMask = 2147483647;
			files = (
				26A1CC3566FA11E9B1F7CAE6 /* Pods_MovieViewer.framework in Frameworks */,
			);
			runOnlyForDeploymentPostprocessing = 0;
		};
/* End PBXFrameworksBuildPhase section */

/* Begin PBXGroup section */
		013F625C29740AA61584BBD0 /* Pods */ = {
			isa = PBXGroup;
			children = (
				AB8D57AD5DDD3BC4CCCDD5DF /* Pods-MovieViewer.debug.xcconfig */,
				1DA36E72CBF70934E81446B3 /* Pods-MovieViewer.release.xcconfig */,
			);
			name = Pods;
			sourceTree = "<group>";
		};
		279742C91E47E88D008A00F8 = {
			isa = PBXGroup;
			children = (
				279742D41E47E88E008A00F8 /* MovieViewer */,
				279742D31E47E88E008A00F8 /* Products */,
				013F625C29740AA61584BBD0 /* Pods */,
				8ED36860930874AD9A81619E /* Frameworks */,
			);
			sourceTree = "<group>";
		};
		279742D31E47E88E008A00F8 /* Products */ = {
			isa = PBXGroup;
			children = (
				279742D21E47E88E008A00F8 /* MovieViewer.app */,
			);
			name = Products;
			sourceTree = "<group>";
		};
		279742D41E47E88E008A00F8 /* MovieViewer */ = {
			isa = PBXGroup;
			children = (
				279742ED1E4809CC008A00F8 /* View Controller */,
				279742E91E480981008A00F8 /* Views */,
				279742D51E47E88E008A00F8 /* AppDelegate.swift */,
				279742D91E47E88E008A00F8 /* Main.storyboard */,
				279742DC1E47E88E008A00F8 /* Assets.xcassets */,
				279742DE1E47E88E008A00F8 /* LaunchScreen.storyboard */,
				279742E11E47E88E008A00F8 /* Info.plist */,
			);
			path = MovieViewer;
			sourceTree = "<group>";
		};
		279742E91E480981008A00F8 /* Views */ = {
			isa = PBXGroup;
			children = (
				279742EB1E4809BE008A00F8 /* MovieCell.swift */,
			);
			name = Views;
			sourceTree = "<group>";
		};
		279742ED1E4809CC008A00F8 /* View Controller */ = {
			isa = PBXGroup;
			children = (
				279742E71E47E8CD008A00F8 /* MovieViewController.swift */,
				274683091E4AA418008B6A5A /* DetailViewController.swift */,
			);
			name = "View Controller";
			sourceTree = "<group>";
		};
		8ED36860930874AD9A81619E /* Frameworks */ = {
			isa = PBXGroup;
			children = (
				8D9AD72EEA05E03BC98DF455 /* Pods_MovieViewer.framework */,
			);
			name = Frameworks;
			sourceTree = "<group>";
		};
/* End PBXGroup section */

/* Begin PBXNativeTarget section */
		279742D11E47E88E008A00F8 /* MovieViewer */ = {
			isa = PBXNativeTarget;
			buildConfigurationList = 279742E41E47E88E008A00F8 /* Build configuration list for PBXNativeTarget "MovieViewer" */;
			buildPhases = (
				3DB4FA5BBEA6F4D57EBB4024 /* [CP] Check Pods Manifest.lock */,
				279742CE1E47E88E008A00F8 /* Sources */,
				279742CF1E47E88E008A00F8 /* Frameworks */,
				279742D01E47E88E008A00F8 /* Resources */,
				31A0D37834253463A2A83F83 /* [CP] Embed Pods Frameworks */,
				74F1D65B60C5FC83711337AE /* [CP] Copy Pods Resources */,
			);
			buildRules = (
			);
			dependencies = (
			);
			name = MovieViewer;
			productName = MovieViewer;
			productReference = 279742D21E47E88E008A00F8 /* MovieViewer.app */;
			productType = "com.apple.product-type.application";
		};
/* End PBXNativeTarget section */

/* Begin PBXProject section */
		279742CA1E47E88D008A00F8 /* Project object */ = {
			isa = PBXProject;
			attributes = {
				LastSwiftUpdateCheck = 0820;
				LastUpgradeCheck = 0820;
				ORGANIZATIONNAME = "Subhay Manandhar";
				TargetAttributes = {
					279742D11E47E88E008A00F8 = {
						CreatedOnToolsVersion = 8.2.1;
						DevelopmentTeam = V42P5G2GZW;
						ProvisioningStyle = Automatic;
					};
				};
			};
			buildConfigurationList = 279742CD1E47E88D008A00F8 /* Build configuration list for PBXProject "MovieViewer" */;
			compatibilityVersion = "Xcode 3.2";
			developmentRegion = English;
			hasScannedForEncodings = 0;
			knownRegions = (
				en,
				Base,
			);
			mainGroup = 279742C91E47E88D008A00F8;
			productRefGroup = 279742D31E47E88E008A00F8 /* Products */;
			projectDirPath = "";
			projectRoot = "";
			targets = (
				279742D11E47E88E008A00F8 /* MovieViewer */,
			);
		};
/* End PBXProject section */

/* Begin PBXResourcesBuildPhase section */
		279742D01E47E88E008A00F8 /* Resources */ = {
			isa = PBXResourcesBuildPhase;
			buildActionMask = 2147483647;
			files = (
				279742E01E47E88E008A00F8 /* LaunchScreen.storyboard in Resources */,
				279742DD1E47E88E008A00F8 /* Assets.xcassets in Resources */,
				279742DB1E47E88E008A00F8 /* Main.storyboard in Resources */,
			);
			runOnlyForDeploymentPostprocessing = 0;
		};
/* End PBXResourcesBuildPhase section */

/* Begin PBXShellScriptBuildPhase section */
		31A0D37834253463A2A83F83 /* [CP] Embed Pods Frameworks */ = {
			isa = PBXShellScriptBuildPhase;
			buildActionMask = 2147483647;
			files = (
			);
			inputPaths = (
			);
			name = "[CP] Embed Pods Frameworks";
			outputPaths = (
			);
			runOnlyForDeploymentPostprocessing = 0;
			shellPath = /bin/sh;
			shellScript = "\"${SRCROOT}/Pods/Target Support Files/Pods-MovieViewer/Pods-MovieViewer-frameworks.sh\"\n";
			showEnvVarsInLog = 0;
		};
		3DB4FA5BBEA6F4D57EBB4024 /* [CP] Check Pods Manifest.lock */ = {
			isa = PBXShellScriptBuildPhase;
			buildActionMask = 2147483647;
			files = (
			);
			inputPaths = (
			);
			name = "[CP] Check Pods Manifest.lock";
			outputPaths = (
			);
			runOnlyForDeploymentPostprocessing = 0;
			shellPath = /bin/sh;
			shellScript = "diff \"${PODS_ROOT}/../Podfile.lock\" \"${PODS_ROOT}/Manifest.lock\" > /dev/null\nif [ $? != 0 ] ; then\n    # print error to STDERR\n    echo \"error: The sandbox is not in sync with the Podfile.lock. Run 'pod install' or update your CocoaPods installation.\" >&2\n    exit 1\nfi\n";
			showEnvVarsInLog = 0;
		};
		74F1D65B60C5FC83711337AE /* [CP] Copy Pods Resources */ = {
			isa = PBXShellScriptBuildPhase;
			buildActionMask = 2147483647;
			files = (
			);
			inputPaths = (
			);
			name = "[CP] Copy Pods Resources";
			outputPaths = (
			);
			runOnlyForDeploymentPostprocessing = 0;
			shellPath = /bin/sh;
			shellScript = "\"${SRCROOT}/Pods/Target Support Files/Pods-MovieViewer/Pods-MovieViewer-resources.sh\"\n";
			showEnvVarsInLog = 0;
		};
/* End PBXShellScriptBuildPhase section */

/* Begin PBXSourcesBuildPhase section */
		279742CE1E47E88E008A00F8 /* Sources */ = {
			isa = PBXSourcesBuildPhase;
			buildActionMask = 2147483647;
			files = (
				279742D61E47E88E008A00F8 /* AppDelegate.swift in Sources */,
				279742E81E47E8CD008A00F8 /* MovieViewController.swift in Sources */,
				279742EC1E4809BE008A00F8 /* MovieCell.swift in Sources */,
				2746830A1E4AA418008B6A5A /* DetailViewController.swift in Sources */,
			);
			runOnlyForDeploymentPostprocessing = 0;
		};
/* End PBXSourcesBuildPhase section */

/* Begin PBXVariantGroup section */
		279742D91E47E88E008A00F8 /* Main.storyboard */ = {
			isa = PBXVariantGroup;
			children = (
				279742DA1E47E88E008A00F8 /* Base */,
			);
			name = Main.storyboard;
			sourceTree = "<group>";
		};
		279742DE1E47E88E008A00F8 /* LaunchScreen.storyboard */ = {
			isa = PBXVariantGroup;
			children = (
				279742DF1E47E88E008A00F8 /* Base */,
			);
			name = LaunchScreen.storyboard;
			sourceTree = "<group>";
		};
/* End PBXVariantGroup section */

/* Begin XCBuildConfiguration section */
		279742E21E47E88E008A00F8 /* Debug */ = {
			isa = XCBuildConfiguration;
			buildSettings = {
				ALWAYS_SEARCH_USER_PATHS = NO;
				CLANG_ANALYZER_NONNULL = YES;
				CLANG_CXX_LANGUAGE_STANDARD = "gnu++0x";
				CLANG_CXX_LIBRARY = "libc++";
				CLANG_ENABLE_MODULES = YES;
				CLANG_ENABLE_OBJC_ARC = YES;
				CLANG_WARN_BOOL_CONVERSION = YES;
				CLANG_WARN_CONSTANT_CONVERSION = YES;
				CLANG_WARN_DIRECT_OBJC_ISA_USAGE = YES_ERROR;
				CLANG_WARN_DOCUMENTATION_COMMENTS = YES;
				CLANG_WARN_EMPTY_BODY = YES;
				CLANG_WARN_ENUM_CONVERSION = YES;
				CLANG_WARN_INFINITE_RECURSION = YES;
				CLANG_WARN_INT_CONVERSION = YES;
				CLANG_WARN_OBJC_ROOT_CLASS = YES_ERROR;
				CLANG_WARN_SUSPICIOUS_MOVE = YES;
				CLANG_WARN_UNREACHABLE_CODE = YES;
				CLANG_WARN__DUPLICATE_METHOD_MATCH = YES;
				"CODE_SIGN_IDENTITY[sdk=iphoneos*]" = "iPhone Developer";
				COPY_PHASE_STRIP = NO;
				DEBUG_INFORMATION_FORMAT = dwarf;
				ENABLE_STRICT_OBJC_MSGSEND = YES;
				ENABLE_TESTABILITY = YES;
				GCC_C_LANGUAGE_STANDARD = gnu99;
				GCC_DYNAMIC_NO_PIC = NO;
				GCC_NO_COMMON_BLOCKS = YES;
				GCC_OPTIMIZATION_LEVEL = 0;
				GCC_PREPROCESSOR_DEFINITIONS = (
					"DEBUG=1",
					"$(inherited)",
				);
				GCC_WARN_64_TO_32_BIT_CONVERSION = YES;
				GCC_WARN_ABOUT_RETURN_TYPE = YES_ERROR;
				GCC_WARN_UNDECLARED_SELECTOR = YES;
				GCC_WARN_UNINITIALIZED_AUTOS = YES_AGGRESSIVE;
				GCC_WARN_UNUSED_FUNCTION = YES;
				GCC_WARN_UNUSED_VARIABLE = YES;
				IPHONEOS_DEPLOYMENT_TARGET = 10.2;
				MTL_ENABLE_DEBUG_INFO = YES;
				ONLY_ACTIVE_ARCH = YES;
				SDKROOT = iphoneos;
				SWIFT_ACTIVE_COMPILATION_CONDITIONS = DEBUG;
				SWIFT_OPTIMIZATION_LEVEL = "-Onone";
				TARGETED_DEVICE_FAMILY = "1,2";
			};
			name = Debug;
		};
		279742E31E47E88E008A00F8 /* Release */ = {
			isa = XCBuildConfiguration;
			buildSettings = {
				ALWAYS_SEARCH_USER_PATHS = NO;
				CLANG_ANALYZER_NONNULL = YES;
				CLANG_CXX_LANGUAGE_STANDARD = "gnu++0x";
				CLANG_CXX_LIBRARY = "libc++";
				CLANG_ENABLE_MODULES = YES;
				CLANG_ENABLE_OBJC_ARC = YES;
				CLANG_WARN_BOOL_CONVERSION = YES;
				CLANG_WARN_CONSTANT_CONVERSION = YES;
				CLANG_WARN_DIRECT_OBJC_ISA_USAGE = YES_ERROR;
				CLANG_WARN_DOCUMENTATION_COMMENTS = YES;
				CLANG_WARN_EMPTY_BODY = YES;
				CLANG_WARN_ENUM_CONVERSION = YES;
				CLANG_WARN_INFINITE_RECURSION = YES;
				CLANG_WARN_INT_CONVERSION = YES;
				CLANG_WARN_OBJC_ROOT_CLASS = YES_ERROR;
				CLANG_WARN_SUSPICIOUS_MOVE = YES;
				CLANG_WARN_UNREACHABLE_CODE = YES;
				CLANG_WARN__DUPLICATE_METHOD_MATCH = YES;
				"CODE_SIGN_IDENTITY[sdk=iphoneos*]" = "iPhone Developer";
				COPY_PHASE_STRIP = NO;
				DEBUG_INFORMATION_FORMAT = "dwarf-with-dsym";
				ENABLE_NS_ASSERTIONS = NO;
				ENABLE_STRICT_OBJC_MSGSEND = YES;
				GCC_C_LANGUAGE_STANDARD = gnu99;
				GCC_NO_COMMON_BLOCKS = YES;
				GCC_WARN_64_TO_32_BIT_CONVERSION = YES;
				GCC_WARN_ABOUT_RETURN_TYPE = YES_ERROR;
				GCC_WARN_UNDECLARED_SELECTOR = YES;
				GCC_WARN_UNINITIALIZED_AUTOS = YES_AGGRESSIVE;
				GCC_WARN_UNUSED_FUNCTION = YES;
				GCC_WARN_UNUSED_VARIABLE = YES;
				IPHONEOS_DEPLOYMENT_TARGET = 10.2;
				MTL_ENABLE_DEBUG_INFO = NO;
				SDKROOT = iphoneos;
				SWIFT_OPTIMIZATION_LEVEL = "-Owholemodule";
				TARGETED_DEVICE_FAMILY = "1,2";
				VALIDATE_PRODUCT = YES;
			};
			name = Release;
		};
		279742E51E47E88E008A00F8 /* Debug */ = {
			isa = XCBuildConfiguration;
			baseConfigurationReference = AB8D57AD5DDD3BC4CCCDD5DF /* Pods-MovieViewer.debug.xcconfig */;
			buildSettings = {
				ASSETCATALOG_COMPILER_APPICON_NAME = AppIcon;
				DEVELOPMENT_TEAM = V42P5G2GZW;
				INFOPLIST_FILE = MovieViewer/Info.plist;
				LD_RUNPATH_SEARCH_PATHS = "$(inherited) @executable_path/Frameworks";
				PRODUCT_BUNDLE_IDENTIFIER = com.example.MovieViewer;
				PRODUCT_NAME = "$(TARGET_NAME)";
				SWIFT_VERSION = 3.0;
			};
			name = Debug;
		};
		279742E61E47E88E008A00F8 /* Release */ = {
			isa = XCBuildConfiguration;
			baseConfigurationReference = 1DA36E72CBF70934E81446B3 /* Pods-MovieViewer.release.xcconfig */;
			buildSettings = {
				ASSETCATALOG_COMPILER_APPICON_NAME = AppIcon;
				DEVELOPMENT_TEAM = V42P5G2GZW;
				INFOPLIST_FILE = MovieViewer/Info.plist;
				LD_RUNPATH_SEARCH_PATHS = "$(inherited) @executable_path/Frameworks";
				PRODUCT_BUNDLE_IDENTIFIER = com.example.MovieViewer;
				PRODUCT_NAME = "$(TARGET_NAME)";
				SWIFT_VERSION = 3.0;
			};
			name = Release;
		};
/* End XCBuildConfiguration section */

/* Begin XCConfigurationList section */
		279742CD1E47E88D008A00F8 /* Build configuration list for PBXProject "MovieViewer" */ = {
			isa = XCConfigurationList;
			buildConfigurations = (
				279742E21E47E88E008A00F8 /* Debug */,
				279742E31E47E88E008A00F8 /* Release */,
			);
			defaultConfigurationIsVisible = 0;
			defaultConfigurationName = Release;
		};
		279742E41E47E88E008A00F8 /* Build configuration list for PBXNativeTarget "MovieViewer" */ = {
			isa = XCConfigurationList;
			buildConfigurations = (
				279742E51E47E88E008A00F8 /* Debug */,
				279742E61E47E88E008A00F8 /* Release */,
			);
			defaultConfigurationIsVisible = 0;
			defaultConfigurationName = Release;
		};
/* End XCConfigurationList section */
	};
	rootObject = 279742CA1E47E88D008A00F8 /* Project object */;
}
